
Microsoft Visual Studio Solution File, Format Version 12.00
# Visual Studio 14
VisualStudioVersion = 14.0.25420.1
MinimumVisualStudioVersion = 10.0.40219.1
Project("{FAE04EC0-301F-11D3-BF4B-00C04F79EFBC}") = "XamarinPrelekcja", "XamarinPrelekcja\XamarinPrelekcja\XamarinPrelekcja.csproj", "{86DDC8F2-8538-4860-8556-7BCEFF32BCD0}"
EndProject
Project("{FAE04EC0-301F-11D3-BF4B-00C04F79EFBC}") = "XamarinPrelekcja.Droid", "XamarinPrelekcja\XamarinPrelekcja.Droid\XamarinPrelekcja.Droid.csproj", "{DC52A06A-454A-4875-B743-0DB8AD41FAFE}"
EndProject
Project("{FAE04EC0-301F-11D3-BF4B-00C04F79EFBC}") = "XamarinPrelekcja.iOS", "XamarinPrelekcja\XamarinPrelekcja.iOS\XamarinPrelekcja.iOS.csproj", "{302C9448-858D-41B1-A3DF-CA2EE18D340D}"
EndProject
Project("{FAE04EC0-301F-11D3-BF4B-00C04F79EFBC}") = "XamarinPrelekcja.WinPhone", "XamarinPrelekcja\XamarinPrelekcja.WinPhone\XamarinPrelekcja.WinPhone.csproj", "{A0637403-0941-49B6-AB8A-8BE27BA64B4D}"
EndProject
Project("{FAE04EC0-301F-11D3-BF4B-00C04F79EFBC}") = "XamarinPrelekcja.Windows", "XamarinPrelekcja\XamarinPrelekcja.Windows\XamarinPrelekcja.Windows.csproj", "{A1320698-B192-4148-80C1-D396B63FE1F5}"
EndProject
Global
	GlobalSection(SolutionConfigurationPlatforms) = preSolution
		Ad-Hoc|Any CPU = Ad-Hoc|Any CPU
		Ad-Hoc|ARM = Ad-Hoc|ARM
		Ad-Hoc|iPhone = Ad-Hoc|iPhone
		Ad-Hoc|iPhoneSimulator = Ad-Hoc|iPhoneSimulator
		Ad-Hoc|x64 = Ad-Hoc|x64
		Ad-Hoc|x86 = Ad-Hoc|x86
		AppStore|Any CPU = AppStore|Any CPU
		AppStore|ARM = AppStore|ARM
		AppStore|iPhone = AppStore|iPhone
		AppStore|iPhoneSimulator = AppStore|iPhoneSimulator
		AppStore|x64 = AppStore|x64
		AppStore|x86 = AppStore|x86
		Debug|Any CPU = Debug|Any CPU
		Debug|ARM = Debug|ARM
		Debug|iPhone = Debug|iPhone
		Debug|iPhoneSimulator = Debug|iPhoneSimulator
		Debug|x64 = Debug|x64
		Debug|x86 = Debug|x86
		Release|Any CPU = Release|Any CPU
		Release|ARM = Release|ARM
		Release|iPhone = Release|iPhone
		Release|iPhoneSimulator = Release|iPhoneSimulator
		Release|x64 = Release|x64
		Release|x86 = Release|x86
	EndGlobalSection
	GlobalSection(ProjectConfigurationPlatforms) = postSolution
		{86DDC8F2-8538-4860-8556-7BCEFF32BCD0}.Ad-Hoc|Any CPU.ActiveCfg = Release|Any CPU
		{86DDC8F2-8538-4860-8556-7BCEFF32BCD0}.Ad-Hoc|Any CPU.Build.0 = Release|Any CPU
		{86DDC8F2-8538-4860-8556-7BCEFF32BCD0}.Ad-Hoc|ARM.ActiveCfg = Release|Any CPU
		{86DDC8F2-8538-4860-8556-7BCEFF32BCD0}.Ad-Hoc|ARM.Build.0 = Release|Any CPU
		{86DDC8F2-8538-4860-8556-7BCEFF32BCD0}.Ad-Hoc|iPhone.ActiveCfg = Release|Any CPU
		{86DDC8F2-8538-4860-8556-7BCEFF32BCD0}.Ad-Hoc|iPhone.Build.0 = Release|Any CPU
		{86DDC8F2-8538-4860-8556-7BCEFF32BCD0}.Ad-Hoc|iPhoneSimulator.ActiveCfg = Release|Any CPU
		{86DDC8F2-8538-4860-8556-7BCEFF32BCD0}.Ad-Hoc|iPhoneSimulator.Build.0 = Release|Any CPU
		{86DDC8F2-8538-4860-8556-7BCEFF32BCD0}.Ad-Hoc|x64.ActiveCfg = Release|Any CPU
		{86DDC8F2-8538-4860-8556-7BCEFF32BCD0}.Ad-Hoc|x64.Build.0 = Release|Any CPU
		{86DDC8F2-8538-4860-8556-7BCEFF32BCD0}.Ad-Hoc|x86.ActiveCfg = Release|Any CPU
		{86DDC8F2-8538-4860-8556-7BCEFF32BCD0}.Ad-Hoc|x86.Build.0 = Release|Any CPU
		{86DDC8F2-8538-4860-8556-7BCEFF32BCD0}.AppStore|Any CPU.ActiveCfg = Release|Any CPU
		{86DDC8F2-8538-4860-8556-7BCEFF32BCD0}.AppStore|Any CPU.Build.0 = Release|Any CPU
		{86DDC8F2-8538-4860-8556-7BCEFF32BCD0}.AppStore|ARM.ActiveCfg = Release|Any CPU
		{86DDC8F2-8538-4860-8556-7BCEFF32BCD0}.AppStore|ARM.Build.0 = Release|Any CPU
		{86DDC8F2-8538-4860-8556-7BCEFF32BCD0}.AppStore|iPhone.ActiveCfg = Release|Any CPU
		{86DDC8F2-8538-4860-8556-7BCEFF32BCD0}.AppStore|iPhone.Build.0 = Release|Any CPU
		{86DDC8F2-8538-4860-8556-7BCEFF32BCD0}.AppStore|iPhoneSimulator.ActiveCfg = Release|Any CPU
		{86DDC8F2-8538-4860-8556-7BCEFF32BCD0}.AppStore|iPhoneSimulator.Build.0 = Release|Any CPU
		{86DDC8F2-8538-4860-8556-7BCEFF32BCD0}.AppStore|x64.ActiveCfg = Release|Any CPU
		{86DDC8F2-8538-4860-8556-7BCEFF32BCD0}.AppStore|x64.Build.0 = Release|Any CPU
		{86DDC8F2-8538-4860-8556-7BCEFF32BCD0}.AppStore|x86.ActiveCfg = Release|Any CPU
		{86DDC8F2-8538-4860-8556-7BCEFF32BCD0}.AppStore|x86.Build.0 = Release|Any CPU
		{86DDC8F2-8538-4860-8556-7BCEFF32BCD0}.Debug|Any CPU.ActiveCfg = Debug|Any CPU
		{86DDC8F2-8538-4860-8556-7BCEFF32BCD0}.Debug|Any CPU.Build.0 = Debug|Any CPU
		{86DDC8F2-8538-4860-8556-7BCEFF32BCD0}.Debug|ARM.ActiveCfg = Debug|Any CPU
		{86DDC8F2-8538-4860-8556-7BCEFF32BCD0}.Debug|ARM.Build.0 = Debug|Any CPU
		{86DDC8F2-8538-4860-8556-7BCEFF32BCD0}.Debug|iPhone.ActiveCfg = Debug|Any CPU
		{86DDC8F2-8538-4860-8556-7BCEFF32BCD0}.Debug|iPhone.Build.0 = Debug|Any CPU
		{86DDC8F2-8538-4860-8556-7BCEFF32BCD0}.Debug|iPhoneSimulator.ActiveCfg = Debug|Any CPU
		{86DDC8F2-8538-4860-8556-7BCEFF32BCD0}.Debug|iPhoneSimulator.Build.0 = Debug|Any CPU
		{86DDC8F2-8538-4860-8556-7BCEFF32BCD0}.Debug|x64.ActiveCfg = Debug|Any CPU
		{86DDC8F2-8538-4860-8556-7BCEFF32BCD0}.Debug|x64.Build.0 = Debug|Any CPU
		{86DDC8F2-8538-4860-8556-7BCEFF32BCD0}.Debug|x86.ActiveCfg = Debug|Any CPU
		{86DDC8F2-8538-4860-8556-7BCEFF32BCD0}.Debug|x86.Build.0 = Debug|Any CPU
		{86DDC8F2-8538-4860-8556-7BCEFF32BCD0}.Release|Any CPU.ActiveCfg = Release|Any CPU
		{86DDC8F2-8538-4860-8556-7BCEFF32BCD0}.Release|Any CPU.Build.0 = Release|Any CPU
		{86DDC8F2-8538-4860-8556-7BCEFF32BCD0}.Release|ARM.ActiveCfg = Release|Any CPU
		{86DDC8F2-8538-4860-8556-7BCEFF32BCD0}.Release|ARM.Build.0 = Release|Any CPU
		{86DDC8F2-8538-4860-8556-7BCEFF32BCD0}.Release|iPhone.ActiveCfg = Release|Any CPU
		{86DDC8F2-8538-4860-8556-7BCEFF32BCD0}.Release|iPhone.Build.0 = Release|Any CPU
		{86DDC8F2-8538-4860-8556-7BCEFF32BCD0}.Release|iPhoneSimulator.ActiveCfg = Release|Any CPU
		{86DDC8F2-8538-4860-8556-7BCEFF32BCD0}.Release|iPhoneSimulator.Build.0 = Release|Any CPU
		{86DDC8F2-8538-4860-8556-7BCEFF32BCD0}.Release|x64.ActiveCfg = Release|Any CPU
		{86DDC8F2-8538-4860-8556-7BCEFF32BCD0}.Release|x64.Build.0 = Release|Any CPU
		{86DDC8F2-8538-4860-8556-7BCEFF32BCD0}.Release|x86.ActiveCfg = Release|Any CPU
		{86DDC8F2-8538-4860-8556-7BCEFF32BCD0}.Release|x86.Build.0 = Release|Any CPU
		{DC52A06A-454A-4875-B743-0DB8AD41FAFE}.Ad-Hoc|Any CPU.ActiveCfg = Release|Any CPU
		{DC52A06A-454A-4875-B743-0DB8AD41FAFE}.Ad-Hoc|Any CPU.Build.0 = Release|Any CPU
		{DC52A06A-454A-4875-B743-0DB8AD41FAFE}.Ad-Hoc|Any CPU.Deploy.0 = Release|Any CPU
		{DC52A06A-454A-4875-B743-0DB8AD41FAFE}.Ad-Hoc|ARM.ActiveCfg = Release|Any CPU
		{DC52A06A-454A-4875-B743-0DB8AD41FAFE}.Ad-Hoc|ARM.Build.0 = Release|Any CPU
		{DC52A06A-454A-4875-B743-0DB8AD41FAFE}.Ad-Hoc|ARM.Deploy.0 = Release|Any CPU
		{DC52A06A-454A-4875-B743-0DB8AD41FAFE}.Ad-Hoc|iPhone.ActiveCfg = Release|Any CPU
		{DC52A06A-454A-4875-B743-0DB8AD41FAFE}.Ad-Hoc|iPhone.Build.0 = Release|Any CPU
		{DC52A06A-454A-4875-B743-0DB8AD41FAFE}.Ad-Hoc|iPhone.Deploy.0 = Release|Any CPU
		{DC52A06A-454A-4875-B743-0DB8AD41FAFE}.Ad-Hoc|iPhoneSimulator.ActiveCfg = Release|Any CPU
		{DC52A06A-454A-4875-B743-0DB8AD41FAFE}.Ad-Hoc|iPhoneSimulator.Build.0 = Release|Any CPU
		{DC52A06A-454A-4875-B743-0DB8AD41FAFE}.Ad-Hoc|iPhoneSimulator.Deploy.0 = Release|Any CPU
		{DC52A06A-454A-4875-B743-0DB8AD41FAFE}.Ad-Hoc|x64.ActiveCfg = Release|Any CPU
		{DC52A06A-454A-4875-B743-0DB8AD41FAFE}.Ad-Hoc|x64.Build.0 = Release|Any CPU
		{DC52A06A-454A-4875-B743-0DB8AD41FAFE}.Ad-Hoc|x64.Deploy.0 = Release|Any CPU
		{DC52A06A-454A-4875-B743-0DB8AD41FAFE}.Ad-Hoc|x86.ActiveCfg = Release|Any CPU
		{DC52A06A-454A-4875-B743-0DB8AD41FAFE}.Ad-Hoc|x86.Build.0 = Release|Any CPU
		{DC52A06A-454A-4875-B743-0DB8AD41FAFE}.Ad-Hoc|x86.Deploy.0 = Release|Any CPU
		{DC52A06A-454A-4875-B743-0DB8AD41FAFE}.AppStore|Any CPU.ActiveCfg = Release|Any CPU
		{DC52A06A-454A-4875-B743-0DB8AD41FAFE}.AppStore|Any CPU.Build.0 = Release|Any CPU
		{DC52A06A-454A-4875-B743-0DB8AD41FAFE}.AppStore|Any CPU.Deploy.0 = Release|Any CPU
		{DC52A06A-454A-4875-B743-0DB8AD41FAFE}.AppStore|ARM.ActiveCfg = Release|Any CPU
		{DC52A06A-454A-4875-B743-0DB8AD41FAFE}.AppStore|ARM.Build.0 = Release|Any CPU
		{DC52A06A-454A-4875-B743-0DB8AD41FAFE}.AppStore|ARM.Deploy.0 = Release|Any CPU
		{DC52A06A-454A-4875-B743-0DB8AD41FAFE}.AppStore|iPhone.ActiveCfg = Release|Any CPU
		{DC52A06A-454A-4875-B743-0DB8AD41FAFE}.AppStore|iPhone.Build.0 = Release|Any CPU
		{DC52A06A-454A-4875-B743-0DB8AD41FAFE}.AppStore|iPhone.Deploy.0 = Release|Any CPU
		{DC52A06A-454A-4875-B743-0DB8AD41FAFE}.AppStore|iPhoneSimulator.ActiveCfg = Release|Any CPU
		{DC52A06A-454A-4875-B743-0DB8AD41FAFE}.AppStore|iPhoneSimulator.Build.0 = Release|Any CPU
		{DC52A06A-454A-4875-B743-0DB8AD41FAFE}.AppStore|iPhoneSimulator.Deploy.0 = Release|Any CPU
		{DC52A06A-454A-4875-B743-0DB8AD41FAFE}.AppStore|x64.ActiveCfg = Release|Any CPU
		{DC52A06A-454A-4875-B743-0DB8AD41FAFE}.AppStore|x64.Build.0 = Release|Any CPU
		{DC52A06A-454A-4875-B743-0DB8AD41FAFE}.AppStore|x64.Deploy.0 = Release|Any CPU
		{DC52A06A-454A-4875-B743-0DB8AD41FAFE}.AppStore|x86.ActiveCfg = Release|Any CPU
		{DC52A06A-454A-4875-B743-0DB8AD41FAFE}.AppStore|x86.Build.0 = Release|Any CPU
		{DC52A06A-454A-4875-B743-0DB8AD41FAFE}.AppStore|x86.Deploy.0 = Release|Any CPU
		{DC52A06A-454A-4875-B743-0DB8AD41FAFE}.Debug|Any CPU.ActiveCfg = Debug|Any CPU
		{DC52A06A-454A-4875-B743-0DB8AD41FAFE}.Debug|Any CPU.Build.0 = Debug|Any CPU
		{DC52A06A-454A-4875-B743-0DB8AD41FAFE}.Debug|Any CPU.Deploy.0 = Debug|Any CPU
		{DC52A06A-454A-4875-B743-0DB8AD41FAFE}.Debug|ARM.ActiveCfg = Debug|Any CPU
		{DC52A06A-454A-4875-B743-0DB8AD41FAFE}.Debug|ARM.Build.0 = Debug|Any CPU
		{DC52A06A-454A-4875-B743-0DB8AD41FAFE}.Debug|ARM.Deploy.0 = Debug|Any CPU
		{DC52A06A-454A-4875-B743-0DB8AD41FAFE}.Debug|iPhone.ActiveCfg = Debug|Any CPU
		{DC52A06A-454A-4875-B743-0DB8AD41FAFE}.Debug|iPhone.Build.0 = Debug|Any CPU
		{DC52A06A-454A-4875-B743-0DB8AD41FAFE}.Debug|iPhone.Deploy.0 = Debug|Any CPU
		{DC52A06A-454A-4875-B743-0DB8AD41FAFE}.Debug|iPhoneSimulator.ActiveCfg = Debug|Any CPU
		{DC52A06A-454A-4875-B743-0DB8AD41FAFE}.Debug|iPhoneSimulator.Build.0 = Debug|Any CPU
		{DC52A06A-454A-4875-B743-0DB8AD41FAFE}.Debug|iPhoneSimulator.Deploy.0 = Debug|Any CPU
		{DC52A06A-454A-4875-B743-0DB8AD41FAFE}.Debug|x64.ActiveCfg = Debug|Any CPU
		{DC52A06A-454A-4875-B743-0DB8AD41FAFE}.Debug|x64.Build.0 = Debug|Any CPU
		{DC52A06A-454A-4875-B743-0DB8AD41FAFE}.Debug|x64.Deploy.0 = Debug|Any CPU
		{DC52A06A-454A-4875-B743-0DB8AD41FAFE}.Debug|x86.ActiveCfg = Debug|Any CPU
		{DC52A06A-454A-4875-B743-0DB8AD41FAFE}.Debug|x86.Build.0 = Debug|Any CPU
		{DC52A06A-454A-4875-B743-0DB8AD41FAFE}.Debug|x86.Deploy.0 = Debug|Any CPU
		{DC52A06A-454A-4875-B743-0DB8AD41FAFE}.Release|Any CPU.ActiveCfg = Release|Any CPU
		{DC52A06A-454A-4875-B743-0DB8AD41FAFE}.Release|Any CPU.Build.0 = Release|Any CPU
		{DC52A06A-454A-4875-B743-0DB8AD41FAFE}.Release|Any CPU.Deploy.0 = Release|Any CPU
		{DC52A06A-454A-4875-B743-0DB8AD41FAFE}.Release|ARM.ActiveCfg = Release|Any CPU
		{DC52A06A-454A-4875-B743-0DB8AD41FAFE}.Release|ARM.Build.0 = Release|Any CPU
		{DC52A06A-454A-4875-B743-0DB8AD41FAFE}.Release|ARM.Deploy.0 = Release|Any CPU
		{DC52A06A-454A-4875-B743-0DB8AD41FAFE}.Release|iPhone.ActiveCfg = Release|Any CPU
		{DC52A06A-454A-4875-B743-0DB8AD41FAFE}.Release|iPhone.Build.0 = Release|Any CPU
		{DC52A06A-454A-4875-B743-0DB8AD41FAFE}.Release|iPhone.Deploy.0 = Release|Any CPU
		{DC52A06A-454A-4875-B743-0DB8AD41FAFE}.Release|iPhoneSimulator.ActiveCfg = Release|Any CPU
		{DC52A06A-454A-4875-B743-0DB8AD41FAFE}.Release|iPhoneSimulator.Build.0 = Release|Any CPU
		{DC52A06A-454A-4875-B743-0DB8AD41FAFE}.Release|iPhoneSimulator.Deploy.0 = Release|Any CPU
		{DC52A06A-454A-4875-B743-0DB8AD41FAFE}.Release|x64.ActiveCfg = Release|Any CPU
		{DC52A06A-454A-4875-B743-0DB8AD41FAFE}.Release|x64.Build.0 = Release|Any CPU
		{DC52A06A-454A-4875-B743-0DB8AD41FAFE}.Release|x64.Deploy.0 = Release|Any CPU
		{DC52A06A-454A-4875-B743-0DB8AD41FAFE}.Release|x86.ActiveCfg = Release|Any CPU
		{DC52A06A-454A-4875-B743-0DB8AD41FAFE}.Release|x86.Build.0 = Release|Any CPU
		{DC52A06A-454A-4875-B743-0DB8AD41FAFE}.Release|x86.Deploy.0 = Release|Any CPU
		{302C9448-858D-41B1-A3DF-CA2EE18D340D}.Ad-Hoc|Any CPU.ActiveCfg = Ad-Hoc|iPhone
		{302C9448-858D-41B1-A3DF-CA2EE18D340D}.Ad-Hoc|ARM.ActiveCfg = Ad-Hoc|iPhone
		{302C9448-858D-41B1-A3DF-CA2EE18D340D}.Ad-Hoc|iPhone.ActiveCfg = Ad-Hoc|iPhone
		{302C9448-858D-41B1-A3DF-CA2EE18D340D}.Ad-Hoc|iPhone.Build.0 = Ad-Hoc|iPhone
		{302C9448-858D-41B1-A3DF-CA2EE18D340D}.Ad-Hoc|iPhoneSimulator.ActiveCfg = Ad-Hoc|iPhoneSimulator
		{302C9448-858D-41B1-A3DF-CA2EE18D340D}.Ad-Hoc|iPhoneSimulator.Build.0 = Ad-Hoc|iPhoneSimulator
		{302C9448-858D-41B1-A3DF-CA2EE18D340D}.Ad-Hoc|x64.ActiveCfg = Ad-Hoc|iPhone
		{302C9448-858D-41B1-A3DF-CA2EE18D340D}.Ad-Hoc|x86.ActiveCfg = Ad-Hoc|iPhone
		{302C9448-858D-41B1-A3DF-CA2EE18D340D}.AppStore|Any CPU.ActiveCfg = AppStore|iPhone
		{302C9448-858D-41B1-A3DF-CA2EE18D340D}.AppStore|ARM.ActiveCfg = AppStore|iPhone
		{302C9448-858D-41B1-A3DF-CA2EE18D340D}.AppStore|iPhone.ActiveCfg = AppStore|iPhone
		{302C9448-858D-41B1-A3DF-CA2EE18D340D}.AppStore|iPhone.Build.0 = AppStore|iPhone
		{302C9448-858D-41B1-A3DF-CA2EE18D340D}.AppStore|iPhoneSimulator.ActiveCfg = AppStore|iPhoneSimulator
		{302C9448-858D-41B1-A3DF-CA2EE18D340D}.AppStore|iPhoneSimulator.Build.0 = AppStore|iPhoneSimulator
		{302C9448-858D-41B1-A3DF-CA2EE18D340D}.AppStore|x64.ActiveCfg = AppStore|iPhone
		{302C9448-858D-41B1-A3DF-CA2EE18D340D}.AppStore|x86.ActiveCfg = AppStore|iPhone
		{302C9448-858D-41B1-A3DF-CA2EE18D340D}.Debug|Any CPU.ActiveCfg = Debug|iPhone
		{302C9448-858D-41B1-A3DF-CA2EE18D340D}.Debug|ARM.ActiveCfg = Debug|iPhone
		{302C9448-858D-41B1-A3DF-CA2EE18D340D}.Debug|iPhone.ActiveCfg = Debug|iPhone
		{302C9448-858D-41B1-A3DF-CA2EE18D340D}.Debug|iPhone.Build.0 = Debug|iPhone
		{302C9448-858D-41B1-A3DF-CA2EE18D340D}.Debug|iPhoneSimulator.ActiveCfg = Debug|iPhoneSimulator
		{302C9448-858D-41B1-A3DF-CA2EE18D340D}.Debug|iPhoneSimulator.Build.0 = Debug|iPhoneSimulator
		{302C9448-858D-41B1-A3DF-CA2EE18D340D}.Debug|x64.ActiveCfg = Debug|iPhone
		{302C9448-858D-41B1-A3DF-CA2EE18D340D}.Debug|x86.ActiveCfg = Debug|iPhone
		{302C9448-858D-41B1-A3DF-CA2EE18D340D}.Release|Any CPU.ActiveCfg = Release|iPhone
		{302C9448-858D-41B1-A3DF-CA2EE18D340D}.Release|ARM.ActiveCfg = Release|iPhone
		{302C9448-858D-41B1-A3DF-CA2EE18D340D}.Release|iPhone.ActiveCfg = Release|iPhone
		{302C9448-858D-41B1-A3DF-CA2EE18D340D}.Release|iPhone.Build.0 = Release|iPhone
		{302C9448-858D-41B1-A3DF-CA2EE18D340D}.Release|iPhoneSimulator.ActiveCfg = Release|iPhoneSimulator
		{302C9448-858D-41B1-A3DF-CA2EE18D340D}.Release|iPhoneSimulator.Build.0 = Release|iPhoneSimulator
		{302C9448-858D-41B1-A3DF-CA2EE18D340D}.Release|x64.ActiveCfg = Release|iPhone
		{302C9448-858D-41B1-A3DF-CA2EE18D340D}.Release|x86.ActiveCfg = Release|iPhone
		{A0637403-0941-49B6-AB8A-8BE27BA64B4D}.Ad-Hoc|Any CPU.ActiveCfg = Release|Any CPU
		{A0637403-0941-49B6-AB8A-8BE27BA64B4D}.Ad-Hoc|Any CPU.Build.0 = Release|Any CPU
		{A0637403-0941-49B6-AB8A-8BE27BA64B4D}.Ad-Hoc|Any CPU.Deploy.0 = Release|Any CPU
		{A0637403-0941-49B6-AB8A-8BE27BA64B4D}.Ad-Hoc|ARM.ActiveCfg = Release|ARM
		{A0637403-0941-49B6-AB8A-8BE27BA64B4D}.Ad-Hoc|ARM.Build.0 = Release|ARM
		{A0637403-0941-49B6-AB8A-8BE27BA64B4D}.Ad-Hoc|ARM.Deploy.0 = Release|ARM
		{A0637403-0941-49B6-AB8A-8BE27BA64B4D}.Ad-Hoc|iPhone.ActiveCfg = Release|Any CPU
		{A0637403-0941-49B6-AB8A-8BE27BA64B4D}.Ad-Hoc|iPhone.Build.0 = Release|Any CPU
		{A0637403-0941-49B6-AB8A-8BE27BA64B4D}.Ad-Hoc|iPhone.Deploy.0 = Release|Any CPU
		{A0637403-0941-49B6-AB8A-8BE27BA64B4D}.Ad-Hoc|iPhoneSimulator.ActiveCfg = Release|Any CPU
		{A0637403-0941-49B6-AB8A-8BE27BA64B4D}.Ad-Hoc|iPhoneSimulator.Build.0 = Release|Any CPU
		{A0637403-0941-49B6-AB8A-8BE27BA64B4D}.Ad-Hoc|iPhoneSimulator.Deploy.0 = Release|Any CPU
		{A0637403-0941-49B6-AB8A-8BE27BA64B4D}.Ad-Hoc|x64.ActiveCfg = Release|Any CPU
		{A0637403-0941-49B6-AB8A-8BE27BA64B4D}.Ad-Hoc|x64.Build.0 = Release|Any CPU
		{A0637403-0941-49B6-AB8A-8BE27BA64B4D}.Ad-Hoc|x64.Deploy.0 = Release|Any CPU
		{A0637403-0941-49B6-AB8A-8BE27BA64B4D}.Ad-Hoc|x86.ActiveCfg = Release|x86
		{A0637403-0941-49B6-AB8A-8BE27BA64B4D}.Ad-Hoc|x86.Build.0 = Release|x86
		{A0637403-0941-49B6-AB8A-8BE27BA64B4D}.Ad-Hoc|x86.Deploy.0 = Release|x86
		{A0637403-0941-49B6-AB8A-8BE27BA64B4D}.AppStore|Any CPU.ActiveCfg = Release|Any CPU
		{A0637403-0941-49B6-AB8A-8BE27BA64B4D}.AppStore|Any CPU.Build.0 = Release|Any CPU
		{A0637403-0941-49B6-AB8A-8BE27BA64B4D}.AppStore|Any CPU.Deploy.0 = Release|Any CPU
		{A0637403-0941-49B6-AB8A-8BE27BA64B4D}.AppStore|ARM.ActiveCfg = Release|ARM
		{A0637403-0941-49B6-AB8A-8BE27BA64B4D}.AppStore|ARM.Build.0 = Release|ARM
		{A0637403-0941-49B6-AB8A-8BE27BA64B4D}.AppStore|ARM.Deploy.0 = Release|ARM
		{A0637403-0941-49B6-AB8A-8BE27BA64B4D}.AppStore|iPhone.ActiveCfg = Release|Any CPU
		{A0637403-0941-49B6-AB8A-8BE27BA64B4D}.AppStore|iPhone.Build.0 = Release|Any CPU
		{A0637403-0941-49B6-AB8A-8BE27BA64B4D}.AppStore|iPhone.Deploy.0 = Release|Any CPU
		{A0637403-0941-49B6-AB8A-8BE27BA64B4D}.AppStore|iPhoneSimulator.ActiveCfg = Release|Any CPU
		{A0637403-0941-49B6-AB8A-8BE27BA64B4D}.AppStore|iPhoneSimulator.Build.0 = Release|Any CPU
		{A0637403-0941-49B6-AB8A-8BE27BA64B4D}.AppStore|iPhoneSimulator.Deploy.0 = Release|Any CPU
		{A0637403-0941-49B6-AB8A-8BE27BA64B4D}.AppStore|x64.ActiveCfg = Release|Any CPU
		{A0637403-0941-49B6-AB8A-8BE27BA64B4D}.AppStore|x64.Build.0 = Release|Any CPU
		{A0637403-0941-49B6-AB8A-8BE27BA64B4D}.AppStore|x64.Deploy.0 = Release|Any CPU
		{A0637403-0941-49B6-AB8A-8BE27BA64B4D}.AppStore|x86.ActiveCfg = Release|x86
		{A0637403-0941-49B6-AB8A-8BE27BA64B4D}.AppStore|x86.Build.0 = Release|x86
		{A0637403-0941-49B6-AB8A-8BE27BA64B4D}.AppStore|x86.Deploy.0 = Release|x86
		{A0637403-0941-49B6-AB8A-8BE27BA64B4D}.Debug|Any CPU.ActiveCfg = Debug|Any CPU
		{A0637403-0941-49B6-AB8A-8BE27BA64B4D}.Debug|Any CPU.Build.0 = Debug|Any CPU
		{A0637403-0941-49B6-AB8A-8BE27BA64B4D}.Debug|Any CPU.Deploy.0 = Debug|Any CPU
		{A0637403-0941-49B6-AB8A-8BE27BA64B4D}.Debug|ARM.ActiveCfg = Debug|ARM
		{A0637403-0941-49B6-AB8A-8BE27BA64B4D}.Debug|ARM.Build.0 = Debug|ARM
		{A0637403-0941-49B6-AB8A-8BE27BA64B4D}.Debug|ARM.Deploy.0 = Debug|ARM
		{A0637403-0941-49B6-AB8A-8BE27BA64B4D}.Debug|iPhone.ActiveCfg = Debug|Any CPU
		{A0637403-0941-49B6-AB8A-8BE27BA64B4D}.Debug|iPhone.Build.0 = Debug|Any CPU
		{A0637403-0941-49B6-AB8A-8BE27BA64B4D}.Debug|iPhone.Deploy.0 = Debug|Any CPU
		{A0637403-0941-49B6-AB8A-8BE27BA64B4D}.Debug|iPhoneSimulator.ActiveCfg = Debug|Any CPU
		{A0637403-0941-49B6-AB8A-8BE27BA64B4D}.Debug|iPhoneSimulator.Build.0 = Debug|Any CPU
		{A0637403-0941-49B6-AB8A-8BE27BA64B4D}.Debug|iPhoneSimulator.Deploy.0 = Debug|Any CPU
		{A0637403-0941-49B6-AB8A-8BE27BA64B4D}.Debug|x64.ActiveCfg = Debug|Any CPU
		{A0637403-0941-49B6-AB8A-8BE27BA64B4D}.Debug|x64.Build.0 = Debug|Any CPU
		{A0637403-0941-49B6-AB8A-8BE27BA64B4D}.Debug|x64.Deploy.0 = Debug|Any CPU
		{A0637403-0941-49B6-AB8A-8BE27BA64B4D}.Debug|x86.ActiveCfg = Debug|x86
		{A0637403-0941-49B6-AB8A-8BE27BA64B4D}.Debug|x86.Build.0 = Debug|x86
		{A0637403-0941-49B6-AB8A-8BE27BA64B4D}.Debug|x86.Deploy.0 = Debug|x86
		{A0637403-0941-49B6-AB8A-8BE27BA64B4D}.Release|Any CPU.ActiveCfg = Release|Any CPU
		{A0637403-0941-49B6-AB8A-8BE27BA64B4D}.Release|Any CPU.Build.0 = Release|Any CPU
		{A0637403-0941-49B6-AB8A-8BE27BA64B4D}.Release|Any CPU.Deploy.0 = Release|Any CPU
		{A0637403-0941-49B6-AB8A-8BE27BA64B4D}.Release|ARM.ActiveCfg = Release|ARM
		{A0637403-0941-49B6-AB8A-8BE27BA64B4D}.Release|ARM.Build.0 = Release|ARM
		{A0637403-0941-49B6-AB8A-8BE27BA64B4D}.Release|ARM.Deploy.0 = Release|ARM
		{A0637403-0941-49B6-AB8A-8BE27BA64B4D}.Release|iPhone.ActiveCfg = Release|Any CPU
		{A0637403-0941-49B6-AB8A-8BE27BA64B4D}.Release|iPhone.Build.0 = Release|Any CPU
		{A0637403-0941-49B6-AB8A-8BE27BA64B4D}.Release|iPhone.Deploy.0 = Release|Any CPU
		{A0637403-0941-49B6-AB8A-8BE27BA64B4D}.Release|iPhoneSimulator.ActiveCfg = Release|Any CPU
		{A0637403-0941-49B6-AB8A-8BE27BA64B4D}.Release|iPhoneSimulator.Build.0 = Release|Any CPU
		{A0637403-0941-49B6-AB8A-8BE27BA64B4D}.Release|iPhoneSimulator.Deploy.0 = Release|Any CPU
		{A0637403-0941-49B6-AB8A-8BE27BA64B4D}.Release|x64.ActiveCfg = Release|Any CPU
		{A0637403-0941-49B6-AB8A-8BE27BA64B4D}.Release|x64.Build.0 = Release|Any CPU
		{A0637403-0941-49B6-AB8A-8BE27BA64B4D}.Release|x64.Deploy.0 = Release|Any CPU
		{A0637403-0941-49B6-AB8A-8BE27BA64B4D}.Release|x86.ActiveCfg = Release|x86
		{A0637403-0941-49B6-AB8A-8BE27BA64B4D}.Release|x86.Build.0 = Release|x86
		{A0637403-0941-49B6-AB8A-8BE27BA64B4D}.Release|x86.Deploy.0 = Release|x86
		{A1320698-B192-4148-80C1-D396B63FE1F5}.Ad-Hoc|Any CPU.ActiveCfg = Release|Any CPU
		{A1320698-B192-4148-80C1-D396B63FE1F5}.Ad-Hoc|Any CPU.Build.0 = Release|Any CPU
		{A1320698-B192-4148-80C1-D396B63FE1F5}.Ad-Hoc|Any CPU.Deploy.0 = Release|Any CPU
		{A1320698-B192-4148-80C1-D396B63FE1F5}.Ad-Hoc|ARM.ActiveCfg = Release|ARM
		{A1320698-B192-4148-80C1-D396B63FE1F5}.Ad-Hoc|ARM.Build.0 = Release|ARM
		{A1320698-B192-4148-80C1-D396B63FE1F5}.Ad-Hoc|ARM.Deploy.0 = Release|ARM
		{A1320698-B192-4148-80C1-D396B63FE1F5}.Ad-Hoc|iPhone.ActiveCfg = Release|Any CPU
		{A1320698-B192-4148-80C1-D396B63FE1F5}.Ad-Hoc|iPhone.Build.0 = Release|Any CPU
		{A1320698-B192-4148-80C1-D396B63FE1F5}.Ad-Hoc|iPhone.Deploy.0 = Release|Any CPU
		{A1320698-B192-4148-80C1-D396B63FE1F5}.Ad-Hoc|iPhoneSimulator.ActiveCfg = Release|Any CPU
		{A1320698-B192-4148-80C1-D396B63FE1F5}.Ad-Hoc|iPhoneSimulator.Build.0 = Release|Any CPU
		{A1320698-B192-4148-80C1-D396B63FE1F5}.Ad-Hoc|iPhoneSimulator.Deploy.0 = Release|Any CPU
		{A1320698-B192-4148-80C1-D396B63FE1F5}.Ad-Hoc|x64.ActiveCfg = Release|x64
		{A1320698-B192-4148-80C1-D396B63FE1F5}.Ad-Hoc|x64.Build.0 = Release|x64
		{A1320698-B192-4148-80C1-D396B63FE1F5}.Ad-Hoc|x64.Deploy.0 = Release|x64
		{A1320698-B192-4148-80C1-D396B63FE1F5}.Ad-Hoc|x86.ActiveCfg = Release|x86
		{A1320698-B192-4148-80C1-D396B63FE1F5}.Ad-Hoc|x86.Build.0 = Release|x86
		{A1320698-B192-4148-80C1-D396B63FE1F5}.Ad-Hoc|x86.Deploy.0 = Release|x86
		{A1320698-B192-4148-80C1-D396B63FE1F5}.AppStore|Any CPU.ActiveCfg = Release|Any CPU
		{A1320698-B192-4148-80C1-D396B63FE1F5}.AppStore|Any CPU.Build.0 = Release|Any CPU
		{A1320698-B192-4148-80C1-D396B63FE1F5}.AppStore|Any CPU.Deploy.0 = Release|Any CPU
		{A1320698-B192-4148-80C1-D396B63FE1F5}.AppStore|ARM.ActiveCfg = Release|ARM
		{A1320698-B192-4148-80C1-D396B63FE1F5}.AppStore|ARM.Build.0 = Release|ARM
		{A1320698-B192-4148-80C1-D396B63FE1F5}.AppStore|ARM.Deploy.0 = Release|ARM
		{A1320698-B192-4148-80C1-D396B63FE1F5}.AppStore|iPhone.ActiveCfg = Release|Any CPU
		{A1320698-B192-4148-80C1-D396B63FE1F5}.AppStore|iPhone.Build.0 = Release|Any CPU
		{A1320698-B192-4148-80C1-D396B63FE1F5}.AppStore|iPhone.Deploy.0 = Release|Any CPU
		{A1320698-B192-4148-80C1-D396B63FE1F5}.AppStore|iPhoneSimulator.ActiveCfg = Release|Any CPU
		{A1320698-B192-4148-80C1-D396B63FE1F5}.AppStore|iPhoneSimulator.Build.0 = Release|Any CPU
		{A1320698-B192-4148-80C1-D396B63FE1F5}.AppStore|iPhoneSimulator.Deploy.0 = Release|Any CPU
		{A1320698-B192-4148-80C1-D396B63FE1F5}.AppStore|x64.ActiveCfg = Release|x64
		{A1320698-B192-4148-80C1-D396B63FE1F5}.AppStore|x64.Build.0 = Release|x64
		{A1320698-B192-4148-80C1-D396B63FE1F5}.AppStore|x64.Deploy.0 = Release|x64
		{A1320698-B192-4148-80C1-D396B63FE1F5}.AppStore|x86.ActiveCfg = Release|x86
		{A1320698-B192-4148-80C1-D396B63FE1F5}.AppStore|x86.Build.0 = Release|x86
		{A1320698-B192-4148-80C1-D396B63FE1F5}.AppStore|x86.Deploy.0 = Release|x86
		{A1320698-B192-4148-80C1-D396B63FE1F5}.Debug|Any CPU.ActiveCfg = Debug|Any CPU
		{A1320698-B192-4148-80C1-D396B63FE1F5}.Debug|Any CPU.Build.0 = Debug|Any CPU
		{A1320698-B192-4148-80C1-D396B63FE1F5}.Debug|Any CPU.Deploy.0 = Debug|Any CPU
		{A1320698-B192-4148-80C1-D396B63FE1F5}.Debug|ARM.ActiveCfg = Debug|ARM
		{A1320698-B192-4148-80C1-D396B63FE1F5}.Debug|ARM.Build.0 = Debug|ARM
		{A1320698-B192-4148-80C1-D396B63FE1F5}.Debug|ARM.Deploy.0 = Debug|ARM
		{A1320698-B192-4148-80C1-D396B63FE1F5}.Debug|iPhone.ActiveCfg = Debug|Any CPU
		{A1320698-B192-4148-80C1-D396B63FE1F5}.Debug|iPhone.Build.0 = Debug|Any CPU
		{A1320698-B192-4148-80C1-D396B63FE1F5}.Debug|iPhone.Deploy.0 = Debug|Any CPU
		{A1320698-B192-4148-80C1-D396B63FE1F5}.Debug|iPhoneSimulator.ActiveCfg = Debug|Any CPU
		{A1320698-B192-4148-80C1-D396B63FE1F5}.Debug|iPhoneSimulator.Build.0 = Debug|Any CPU
		{A1320698-B192-4148-80C1-D396B63FE1F5}.Debug|iPhoneSimulator.Deploy.0 = Debug|Any CPU
		{A1320698-B192-4148-80C1-D396B63FE1F5}.Debug|x64.ActiveCfg = Debug|x64
		{A1320698-B192-4148-80C1-D396B63FE1F5}.Debug|x64.Build.0 = Debug|x64
		{A1320698-B192-4148-80C1-D396B63FE1F5}.Debug|x64.Deploy.0 = Debug|x64
		{A1320698-B192-4148-80C1-D396B63FE1F5}.Debug|x86.ActiveCfg = Debug|x86
		{A1320698-B192-4148-80C1-D396B63FE1F5}.Debug|x86.Build.0 = Debug|x86
		{A1320698-B192-4148-80C1-D396B63FE1F5}.Debug|x86.Deploy.0 = Debug|x86
		{A1320698-B192-4148-80C1-D396B63FE1F5}.Release|Any CPU.ActiveCfg = Release|Any CPU
		{A1320698-B192-4148-80C1-D396B63FE1F5}.Release|Any CPU.Build.0 = Release|Any CPU
		{A1320698-B192-4148-80C1-D396B63FE1F5}.Release|Any CPU.Deploy.0 = Release|Any CPU
		{A1320698-B192-4148-80C1-D396B63FE1F5}.Release|ARM.ActiveCfg = Release|ARM
		{A1320698-B192-4148-80C1-D396B63FE1F5}.Release|ARM.Build.0 = Release|ARM
		{A1320698-B192-4148-80C1-D396B63FE1F5}.Release|ARM.Deploy.0 = Release|ARM
		{A1320698-B192-4148-80C1-D396B63FE1F5}.Release|iPhone.ActiveCfg = Release|Any CPU
		{A1320698-B192-4148-80C1-D396B63FE1F5}.Release|iPhone.Build.0 = Release|Any CPU
		{A1320698-B192-4148-80C1-D396B63FE1F5}.Release|iPhone.Deploy.0 = Release|Any CPU
		{A1320698-B192-4148-80C1-D396B63FE1F5}.Release|iPhoneSimulator.ActiveCfg = Release|Any CPU
		{A1320698-B192-4148-80C1-D396B63FE1F5}.Release|iPhoneSimulator.Build.0 = Release|Any CPU
		{A1320698-B192-4148-80C1-D396B63FE1F5}.Release|iPhoneSimulator.Deploy.0 = Release|Any CPU
		{A1320698-B192-4148-80C1-D396B63FE1F5}.Release|x64.ActiveCfg = Release|x64
		{A1320698-B192-4148-80C1-D396B63FE1F5}.Release|x64.Build.0 = Release|x64
		{A1320698-B192-4148-80C1-D396B63FE1F5}.Release|x64.Deploy.0 = Release|x64
		{A1320698-B192-4148-80C1-D396B63FE1F5}.Release|x86.ActiveCfg = Release|x86
		{A1320698-B192-4148-80C1-D396B63FE1F5}.Release|x86.Build.0 = Release|x86
		{A1320698-B192-4148-80C1-D396B63FE1F5}.Release|x86.Deploy.0 = Release|x86
	EndGlobalSection
	GlobalSection(SolutionProperties) = preSolution
		HideSolutionNode = FALSE
	EndGlobalSection
EndGlobal
